
Microsoft Visual Studio Solution File, Format Version 12.00
# Visual Studio Version 17
VisualStudioVersion = 17.14.37111.16
MinimumVisualStudioVersion = 10.0.40219.1
Project("{FAE04EC0-301F-11D3-BF4B-00C04F79EFBC}") = "Supply And Logistics System", "Supply And Logistics System\Supply And Logistics System.csproj", "{0AEB83D3-85B7-4FA7-AD05-FB57B017DA98}"
EndProject
Project("{FAE04EC0-301F-11D3-BF4B-00C04F79EFBC}") = "Supply_And_Logistics_System.Tests", "Supply_And_Logistics_System.Tests\Supply_And_Logistics_System.Tests.csproj", "{853F3BEF-4D82-46F1-B89D-2912E806D4FF}"
EndProject
Global
	GlobalSection(SolutionConfigurationPlatforms) = preSolution
		Debug|Any CPU = Debug|Any CPU
		Release|Any CPU = Release|Any CPU
	EndGlobalSection
	GlobalSection(ProjectConfigurationPlatforms) = postSolution
		{0AEB83D3-85B7-4FA7-AD05-FB57B017DA98}.Debug|Any CPU.ActiveCfg = Debug|Any CPU
		{0AEB83D3-85B7-4FA7-AD05-FB57B017DA98}.Debug|Any CPU.Build.0 = Debug|Any CPU
		{0AEB83D3-85B7-4FA7-AD05-FB57B017DA98}.Release|Any CPU.ActiveCfg = Release|Any CPU
		{0AEB83D3-85B7-4FA7-AD05-FB57B017DA98}.Release|Any CPU.Build.0 = Release|Any CPU
		{853F3BEF-4D82-46F1-B89D-2912E806D4FF}.Debug|Any CPU.ActiveCfg = Debug|Any CPU
		{853F3BEF-4D82-46F1-B89D-2912E806D4FF}.Debug|Any CPU.Build.0 = Debug|Any CPU
		{853F3BEF-4D82-46F1-B89D-2912E806D4FF}.Release|Any CPU.ActiveCfg = Release|Any CPU
		{853F3BEF-4D82-46F1-B89D-2912E806D4FF}.Release|Any CPU.Build.0 = Release|Any CPU
	EndGlobalSection
	GlobalSection(SolutionProperties) = preSolution
		HideSolutionNode = FALSE
	EndGlobalSection
	GlobalSection(ExtensibilityGlobals) = postSolution
		SolutionGuid = {60FB3360-1F4C-43D8-87F3-5D986B317AD6}
	EndGlobalSection
EndGlobal
